
Microsoft Visual Studio Solution File, Format Version 12.00
# Visual Studio 15
VisualStudioVersion = 15.0.28010.2048
MinimumVisualStudioVersion = 10.0.40219.1
Project("{8BC9CEB8-8B4A-11D0-8D11-00A0C91BC942}") = "Project7", "Project7\Project7.vcxproj", "{C371CC34-7F5F-40C8-99A3-8FADE5CC9242}"
EndProject
Global
	GlobalSection(SolutionConfigurationPlatforms) = preSolution
		Debug|x64 = Debug|x64
		Debug|x86 = Debug|x86
		Release|x64 = Release|x64
		Release|x86 = Release|x86
	EndGlobalSection
	GlobalSection(ProjectConfigurationPlatforms) = postSolution
		{C371CC34-7F5F-40C8-99A3-8FADE5CC9242}.Debug|x64.ActiveCfg = Debug|x64
		{C371CC34-7F5F-40C8-99A3-8FADE5CC9242}.Debug|x64.Build.0 = Debug|x64
		{C371CC34-7F5F-40C8-99A3-8FADE5CC9242}.Debug|x86.ActiveCfg = Debug|Win32
		{C371CC34-7F5F-40C8-99A3-8FADE5CC9242}.Debug|x86.Build.0 = Debug|Win32
		{C371CC34-7F5F-40C8-99A3-8FADE5CC9242}.Release|x64.ActiveCfg = Release|x64
		{C371CC34-7F5F-40C8-99A3-8FADE5CC9242}.Release|x64.Build.0 = Release|x64
		{C371CC34-7F5F-40C8-99A3-8FADE5CC9242}.Release|x86.ActiveCfg = Release|Win32
		{C371CC34-7F5F-40C8-99A3-8FADE5CC9242}.Release|x86.Build.0 = Release|Win32
	EndGlobalSection
	GlobalSection(SolutionProperties) = preSolution
		HideSolutionNode = FALSE
	EndGlobalSection
	GlobalSection(ExtensibilityGlobals) = postSolution
		SolutionGuid = {0237592B-29E2-42FF-BAB2-2A9E3EA11949}
	EndGlobalSection
EndGlobal
